
Microsoft Visual Studio Solution File, Format Version 12.00
# Visual Studio Version 17
VisualStudioVersion = 17.12.35514.174
MinimumVisualStudioVersion = 10.0.40219.1
Project("{FAE04EC0-301F-11D3-BF4B-00C04F79EFBC}") = "HeThongQuanLyBanHang", "HeThongQuanLyBanHang\HeThongQuanLyBanHang.csproj", "{EA39BB53-0FDC-4C5B-84BC-648B5C75E63C}"
EndProject
Global
	GlobalSection(SolutionConfigurationPlatforms) = preSolution
		Debug|Any CPU = Debug|Any CPU
		Release|Any CPU = Release|Any CPU
	EndGlobalSection
	GlobalSection(ProjectConfigurationPlatforms) = postSolution
		{EA39BB53-0FDC-4C5B-84BC-648B5C75E63C}.Debug|Any CPU.ActiveCfg = Debug|Any CPU
		{EA39BB53-0FDC-4C5B-84BC-648B5C75E63C}.Debug|Any CPU.Build.0 = Debug|Any CPU
		{EA39BB53-0FDC-4C5B-84BC-648B5C75E63C}.Release|Any CPU.ActiveCfg = Release|Any CPU
		{EA39BB53-0FDC-4C5B-84BC-648B5C75E63C}.Release|Any CPU.Build.0 = Release|Any CPU
	EndGlobalSection
	GlobalSection(SolutionProperties) = preSolution
		HideSolutionNode = FALSE
	EndGlobalSection
EndGlobal
